
Microsoft Visual Studio Solution File, Format Version 12.00
# Visual Studio Version 17
VisualStudioVersion = 17.0.31903.59
MinimumVisualStudioVersion = 10.0.40219.1
Project("{FAE04EC0-301F-11D3-BF4B-00C04F79EFBC}") = "ML.Examples", "ML.Examples\ML.Examples.csproj", "{2797D534-CFCA-4C48-B14F-AA58D0A9E2ED}"
EndProject
Project("{FAE04EC0-301F-11D3-BF4B-00C04F79EFBC}") = "ML.Core", "ML.Core\ML.Core.csproj", "{8482AE49-449D-47F3-B379-9A683719C41D}"
EndProject
Global
	GlobalSection(SolutionConfigurationPlatforms) = preSolution
		Debug|Any CPU = Debug|Any CPU
		Release|Any CPU = Release|Any CPU
	EndGlobalSection
	GlobalSection(SolutionProperties) = preSolution
		HideSolutionNode = FALSE
	EndGlobalSection
	GlobalSection(ProjectConfigurationPlatforms) = postSolution
		{2797D534-CFCA-4C48-B14F-AA58D0A9E2ED}.Debug|Any CPU.ActiveCfg = Debug|Any CPU
		{2797D534-CFCA-4C48-B14F-AA58D0A9E2ED}.Debug|Any CPU.Build.0 = Debug|Any CPU
		{2797D534-CFCA-4C48-B14F-AA58D0A9E2ED}.Release|Any CPU.ActiveCfg = Release|Any CPU
		{2797D534-CFCA-4C48-B14F-AA58D0A9E2ED}.Release|Any CPU.Build.0 = Release|Any CPU
		{8482AE49-449D-47F3-B379-9A683719C41D}.Debug|Any CPU.ActiveCfg = Debug|Any CPU
		{8482AE49-449D-47F3-B379-9A683719C41D}.Debug|Any CPU.Build.0 = Debug|Any CPU
		{8482AE49-449D-47F3-B379-9A683719C41D}.Release|Any CPU.ActiveCfg = Release|Any CPU
		{8482AE49-449D-47F3-B379-9A683719C41D}.Release|Any CPU.Build.0 = Release|Any CPU
	EndGlobalSection
EndGlobal
